{
  "version": 4,
  "terraform_version": "1.5.7",
  "serial": 75,
  "lineage": "48ef1c1b-bd3f-8b73-c9df-358bb69b6a79",
  "outputs": {
    "gpu_info": {
      "value": {
        "count": 8,
        "type": "NVIDIA RTX A4000"
      },
      "type": [
        "object",
        {
          "count": "number",
          "type": "string"
        }
      ]
    },
    "pod_hostname": {
      "value": "uvvek55v968o",
      "type": "string"
    },
    "pod_id": {
      "value": "9zvo4sb6ks4eof",
      "type": "string"
    },
    "pod_name": {
      "value": "my-runpod",
      "type": "string"
    },
    "ssh_connection": {
      "value": "Check RunPod console for SSH access: https://www.runpod.io/console/pods",
      "type": "string"
    }
  },
  "resources": [
    {
      "module": "module.runpod_pod",
      "mode": "managed",
      "type": "runpod_pod",
      "name": "gpu_instance",
      "provider": "provider[\"registry.terraform.io/decentralized-infrastructure/runpod\"]",
      "instances": [
        {
          "schema_version": 0,
          "attributes": {
            "actual_data_center": "",
            "adjusted_cost_per_hr": 0,
            "allowed_cuda_versions": null,
            "cloud_type": "COMMUNITY",
            "compute_type": "GPU",
            "container_disk_in_gb": 20,
            "container_registry_auth_id": null,
            "cost_per_hr": 1.36,
            "country_codes": null,
            "cpu_flavor_ids": null,
            "cpu_flavor_priority": "availability",
            "data_center_ids": null,
            "data_center_priority": "availability",
            "desired_status": "RUNNING",
            "docker_entrypoint": null,
            "docker_start_cmd": [
              "/bin/bash",
              "-lc",
              "apt-get update \u0026\u0026 apt-get install -y git \u0026\u0026 if [ -d /workspace/HRM/.git ]; then cd /workspace/HRM \u0026\u0026 git fetch --all --prune; else git clone https://github.com/smallGreenTree/HRM.git /workspace/HRM \u0026\u0026 cd /workspace/HRM; fi \u0026\u0026 git checkout -B main origin/main \u0026\u0026 git pull --ff-only || true \u0026\u0026 if [ -f tools/infra/scripts/bootstrap-smoke.sh ]; then bash tools/infra/scripts/bootstrap-smoke.sh https://github.com/smallGreenTree/HRM.git main /workspace/HRM; else echo 'bootstrap-smoke.sh not found'; fi"
            ],
            "env": {},
            "global_networking": false,
            "gpu_count": 8,
            "gpu_type_ids": [
              "NVIDIA RTX A4000"
            ],
            "gpu_type_priority": "availability",
            "id": "9zvo4sb6ks4eof",
            "image_name": "runpod/pytorch:2.1.0-py3.10-cuda11.8.0-devel-ubuntu22.04",
            "interruptible": false,
            "last_started_at": "2026-03-15 18:26:37.044 +0000 UTC",
            "locked": false,
            "machine_id": "uvvek55v968o",
            "memory_in_gb": 502,
            "min_disk_bandwidth_mbps": null,
            "min_download_mbps": null,
            "min_ram_per_gpu": 8,
            "min_upload_mbps": null,
            "min_vcpu_per_gpu": 2,
            "name": "my-runpod",
            "network_volume_id": null,
            "ports": null,
            "public_ip": "",
            "support_public_ip": true,
            "template_id": null,
            "vcpu_count": 2,
            "volume_in_gb": 20,
            "volume_mount_path": "/workspace"
          },
          "sensitive_attributes": [
            [
              {
                "type": "get_attr",
                "value": "env"
              }
            ]
          ]
        }
      ]
    }
  ],
  "check_results": null
}
